
Microsoft Visual Studio Solution File, Format Version 12.00
# Visual Studio Version 17
VisualStudioVersion = 17.6.33723.286
MinimumVisualStudioVersion = 10.0.40219.1
Project("{9A19103F-16F7-4668-BE54-9A1E7A4F7556}") = "WEB_APP", "WEB_APP\WEB_APP.csproj", "{9DF2AA57-AC87-4C61-9D07-296DE259B3AA}"
EndProject
Project("{9A19103F-16F7-4668-BE54-9A1E7A4F7556}") = "SERVICE", "SERVICE\SERVICE.csproj", "{54C0620C-0300-4699-911C-75221F636C06}"
EndProject
Project("{9A19103F-16F7-4668-BE54-9A1E7A4F7556}") = "DATA", "DATA\DATA.csproj", "{BDC5F38B-B77F-4222-8566-006A001D1D3E}"
EndProject
Project("{9A19103F-16F7-4668-BE54-9A1E7A4F7556}") = "UTILITY", "UTILITY\UTILITY.csproj", "{0360D2CF-9953-4E33-A374-2C532C5172C6}"
EndProject
Project("{9A19103F-16F7-4668-BE54-9A1E7A4F7556}") = "COMMON_SERVICE", "COMMON_SERVICE\COMMON_SERVICE.csproj", "{FF5786E6-1439-40FA-988A-1E103E901B45}"
EndProject
Global
	GlobalSection(SolutionConfigurationPlatforms) = preSolution
		Debug|Any CPU = Debug|Any CPU
		Release|Any CPU = Release|Any CPU
	EndGlobalSection
	GlobalSection(ProjectConfigurationPlatforms) = postSolution
		{9DF2AA57-AC87-4C61-9D07-296DE259B3AA}.Debug|Any CPU.ActiveCfg = Debug|Any CPU
		{9DF2AA57-AC87-4C61-9D07-296DE259B3AA}.Debug|Any CPU.Build.0 = Debug|Any CPU
		{9DF2AA57-AC87-4C61-9D07-296DE259B3AA}.Release|Any CPU.ActiveCfg = Release|Any CPU
		{9DF2AA57-AC87-4C61-9D07-296DE259B3AA}.Release|Any CPU.Build.0 = Release|Any CPU
		{54C0620C-0300-4699-911C-75221F636C06}.Debug|Any CPU.ActiveCfg = Debug|Any CPU
		{54C0620C-0300-4699-911C-75221F636C06}.Debug|Any CPU.Build.0 = Debug|Any CPU
		{54C0620C-0300-4699-911C-75221F636C06}.Release|Any CPU.ActiveCfg = Release|Any CPU
		{54C0620C-0300-4699-911C-75221F636C06}.Release|Any CPU.Build.0 = Release|Any CPU
		{BDC5F38B-B77F-4222-8566-006A001D1D3E}.Debug|Any CPU.ActiveCfg = Debug|Any CPU
		{BDC5F38B-B77F-4222-8566-006A001D1D3E}.Debug|Any CPU.Build.0 = Debug|Any CPU
		{BDC5F38B-B77F-4222-8566-006A001D1D3E}.Release|Any CPU.ActiveCfg = Release|Any CPU
		{BDC5F38B-B77F-4222-8566-006A001D1D3E}.Release|Any CPU.Build.0 = Release|Any CPU
		{0360D2CF-9953-4E33-A374-2C532C5172C6}.Debug|Any CPU.ActiveCfg = Debug|Any CPU
		{0360D2CF-9953-4E33-A374-2C532C5172C6}.Debug|Any CPU.Build.0 = Debug|Any CPU
		{0360D2CF-9953-4E33-A374-2C532C5172C6}.Release|Any CPU.ActiveCfg = Release|Any CPU
		{0360D2CF-9953-4E33-A374-2C532C5172C6}.Release|Any CPU.Build.0 = Release|Any CPU
		{FF5786E6-1439-40FA-988A-1E103E901B45}.Debug|Any CPU.ActiveCfg = Debug|Any CPU
		{FF5786E6-1439-40FA-988A-1E103E901B45}.Debug|Any CPU.Build.0 = Debug|Any CPU
		{FF5786E6-1439-40FA-988A-1E103E901B45}.Release|Any CPU.ActiveCfg = Release|Any CPU
		{FF5786E6-1439-40FA-988A-1E103E901B45}.Release|Any CPU.Build.0 = Release|Any CPU
	EndGlobalSection
	GlobalSection(SolutionProperties) = preSolution
		HideSolutionNode = FALSE
	EndGlobalSection
EndGlobal
